// !$*UTF8*$!
{
	archiveVersion = 1;
	classes = {
	};
	objectVersion = 46;
	objects = {

/* Begin PBXBuildFile section */
		32BF95781E5B281400BF2666 /* File.swift in Sources */ = {isa = PBXBuildFile; fileRef = 32BF95771E5B281400BF2666 /* File.swift */; };
		32C2818D1E55D1C400909338 /* AppDelegate.swift in Sources */ = {isa = PBXBuildFile; fileRef = 32C2818C1E55D1C400909338 /* AppDelegate.swift */; };
		32C2818F1E55D1C400909338 /* ViewController.swift in Sources */ = {isa = PBXBuildFile; fileRef = 32C2818E1E55D1C400909338 /* ViewController.swift */; };
		32C281921E55D1C400909338 /* Main.storyboard in Resources */ = {isa = PBXBuildFile; fileRef = 32C281901E55D1C400909338 /* Main.storyboard */; };
		32C281941E55D1C400909338 /* Assets.xcassets in Resources */ = {isa = PBXBuildFile; fileRef = 32C281931E55D1C400909338 /* Assets.xcassets */; };
		32C281971E55D1C400909338 /* LaunchScreen.storyboard in Resources */ = {isa = PBXBuildFile; fileRef = 32C281951E55D1C400909338 /* LaunchScreen.storyboard */; };
		32C281A11E55D96C00909338 /* TableViewController.swift in Sources */ = {isa = PBXBuildFile; fileRef = 32C281A01E55D96C00909338 /* TableViewController.swift */; };
		32C281A31E58352E00909338 /* ResultViewController.swift in Sources */ = {isa = PBXBuildFile; fileRef = 32C281A21E58352E00909338 /* ResultViewController.swift */; };
		32E133AE1E5DA18600F7E1F7 /* MyCustomTableViewCell.swift in Sources */ = {isa = PBXBuildFile; fileRef = 32E133AD1E5DA18600F7E1F7 /* MyCustomTableViewCell.swift */; };
/* End PBXBuildFile section */

/* Begin PBXFileReference section */
		32BF95771E5B281400BF2666 /* File.swift */ = {isa = PBXFileReference; fileEncoding = 4; lastKnownFileType = sourcecode.swift; path = File.swift; sourceTree = "<group>"; };
		32C281891E55D1C400909338 /* Mat.app */ = {isa = PBXFileReference; explicitFileType = wrapper.application; includeInIndex = 0; path = Mat.app; sourceTree = BUILT_PRODUCTS_DIR; };
		32C2818C1E55D1C400909338 /* AppDelegate.swift */ = {isa = PBXFileReference; lastKnownFileType = sourcecode.swift; path = AppDelegate.swift; sourceTree = "<group>"; };
		32C2818E1E55D1C400909338 /* ViewController.swift */ = {isa = PBXFileReference; lastKnownFileType = sourcecode.swift; path = ViewController.swift; sourceTree = "<group>"; };
		32C281911E55D1C400909338 /* Base */ = {isa = PBXFileReference; lastKnownFileType = file.storyboard; name = Base; path = Base.lproj/Main.storyboard; sourceTree = "<group>"; };
		32C281931E55D1C400909338 /* Assets.xcassets */ = {isa = PBXFileReference; lastKnownFileType = folder.assetcatalog; path = Assets.xcassets; sourceTree = "<group>"; };
		32C281961E55D1C400909338 /* Base */ = {isa = PBXFileReference; lastKnownFileType = file.storyboard; name = Base; path = Base.lproj/LaunchScreen.storyboard; sourceTree = "<group>"; };
		32C281981E55D1C400909338 /* Info.plist */ = {isa = PBXFileReference; lastKnownFileType = text.plist.xml; path = Info.plist; sourceTree = "<group>"; };
		32C281A01E55D96C00909338 /* TableViewController.swift */ = {isa = PBXFileReference; fileEncoding = 4; lastKnownFileType = sourcecode.swift; name = TableViewController.swift; path = ../TableViewController.swift; sourceTree = "<group>"; };
		32C281A21E58352E00909338 /* ResultViewController.swift */ = {isa = PBXFileReference; fileEncoding = 4; lastKnownFileType = sourcecode.swift; path = ResultViewController.swift; sourceTree = "<group>"; };
		32E133AD1E5DA18600F7E1F7 /* MyCustomTableViewCell.swift */ = {isa = PBXFileReference; fileEncoding = 4; lastKnownFileType = sourcecode.swift; path = MyCustomTableViewCell.swift; sourceTree = "<group>"; };
/* End PBXFileReference section */

/* Begin PBXFrameworksBuildPhase section */
		32C281861E55D1C400909338 /* Frameworks */ = {
			isa = PBXFrameworksBuildPhase;
			buildActionMask = 2147483647;
			files = (
			);
			runOnlyForDeploymentPostprocessing = 0;
		};
/* End PBXFrameworksBuildPhase section */

/* Begin PBXGroup section */
		32C281801E55D1C300909338 = {
			isa = PBXGroup;
			children = (
				32C2818B1E55D1C400909338 /* Mat */,
				32C2818A1E55D1C400909338 /* Products */,
			);
			sourceTree = "<group>";
		};
		32C2818A1E55D1C400909338 /* Products */ = {
			isa = PBXGroup;
			children = (
				32C281891E55D1C400909338 /* Mat.app */,
			);
			name = Products;
			sourceTree = "<group>";
		};
		32C2818B1E55D1C400909338 /* Mat */ = {
			isa = PBXGroup;
			children = (
				32C2818C1E55D1C400909338 /* AppDelegate.swift */,
				32C2818E1E55D1C400909338 /* ViewController.swift */,
				32C281A01E55D96C00909338 /* TableViewController.swift */,
				32C281A21E58352E00909338 /* ResultViewController.swift */,
				32E133AD1E5DA18600F7E1F7 /* MyCustomTableViewCell.swift */,
				32BF95771E5B281400BF2666 /* File.swift */,
				32C281901E55D1C400909338 /* Main.storyboard */,
				32C281931E55D1C400909338 /* Assets.xcassets */,
				32C281951E55D1C400909338 /* LaunchScreen.storyboard */,
				32C281981E55D1C400909338 /* Info.plist */,
			);
			path = Mat;
			sourceTree = "<group>";
		};
/* End PBXGroup section */

/* Begin PBXNativeTarget section */
		32C281881E55D1C400909338 /* Mat */ = {
			isa = PBXNativeTarget;
			buildConfigurationList = 32C2819B1E55D1C400909338 /* Build configuration list for PBXNativeTarget "Mat" */;
			buildPhases = (
				32C281851E55D1C400909338 /* Sources */,
				32C281861E55D1C400909338 /* Frameworks */,
				32C281871E55D1C400909338 /* Resources */,
			);
			buildRules = (
			);
			dependencies = (
			);
			name = Mat;
			productName = Mat;
			productReference = 32C281891E55D1C400909338 /* Mat.app */;
			productType = "com.apple.product-type.application";
		};
/* End PBXNativeTarget section */

/* Begin PBXProject section */
		32C281811E55D1C300909338 /* Project object */ = {
			isa = PBXProject;
			attributes = {
				LastSwiftUpdateCheck = 0820;
				LastUpgradeCheck = 0820;
				ORGANIZATIONNAME = "Gualberto Scolari";
				TargetAttributes = {
					32C281881E55D1C400909338 = {
						CreatedOnToolsVersion = 8.2.1;
						DevelopmentTeam = 6KMXS32GZT;
						ProvisioningStyle = Automatic;
					};
				};
			};
			buildConfigurationList = 32C281841E55D1C300909338 /* Build configuration list for PBXProject "Mat" */;
			compatibilityVersion = "Xcode 3.2";
			developmentRegion = English;
			hasScannedForEncodings = 0;
			knownRegions = (
				en,
				Base,
			);
			mainGroup = 32C281801E55D1C300909338;
			productRefGroup = 32C2818A1E55D1C400909338 /* Products */;
			projectDirPath = "";
			projectRoot = "";
			targets = (
				32C281881E55D1C400909338 /* Mat */,
			);
		};
/* End PBXProject section */

/* Begin PBXResourcesBuildPhase section */
		32C281871E55D1C400909338 /* Resources */ = {
			isa = PBXResourcesBuildPhase;
			buildActionMask = 2147483647;
			files = (
				32C281971E55D1C400909338 /* LaunchScreen.storyboard in Resources */,
				32C281941E55D1C400909338 /* Assets.xcassets in Resources */,
				32C281921E55D1C400909338 /* Main.storyboard in Resources */,
			);
			runOnlyForDeploymentPostprocessing = 0;
		};
/* End PBXResourcesBuildPhase section */

/* Begin PBXSourcesBuildPhase section */
		32C281851E55D1C400909338 /* Sources */ = {
			isa = PBXSourcesBuildPhase;
			buildActionMask = 2147483647;
			files = (
				32BF95781E5B281400BF2666 /* File.swift in Sources */,
				32C2818F1E55D1C400909338 /* ViewController.swift in Sources */,
				32E133AE1E5DA18600F7E1F7 /* MyCustomTableViewCell.swift in Sources */,
				32C281A11E55D96C00909338 /* TableViewController.swift in Sources */,
				32C2818D1E55D1C400909338 /* AppDelegate.swift in Sources */,
				32C281A31E58352E00909338 /* ResultViewController.swift in Sources */,
			);
			runOnlyForDeploymentPostprocessing = 0;
		};
/* End PBXSourcesBuildPhase section */

/* Begin PBXVariantGroup section */
		32C281901E55D1C400909338 /* Main.storyboard */ = {
			isa = PBXVariantGroup;
			children = (
				32C281911E55D1C400909338 /* Base */,
			);
			name = Main.storyboard;
			sourceTree = "<group>";
		};
		32C281951E55D1C400909338 /* LaunchScreen.storyboard */ = {
			isa = PBXVariantGroup;
			children = (
				32C281961E55D1C400909338 /* Base */,
			);
			name = LaunchScreen.storyboard;
			sourceTree = "<group>";
		};
/* End PBXVariantGroup section */

/* Begin XCBuildConfiguration section */
		32C281991E55D1C400909338 /* Debug */ = {
			isa = XCBuildConfiguration;
			buildSettings = {
				ALWAYS_SEARCH_USER_PATHS = NO;
				CLANG_ANALYZER_NONNULL = YES;
				CLANG_CXX_LANGUAGE_STANDARD = "gnu++0x";
				CLANG_CXX_LIBRARY = "libc++";
				CLANG_ENABLE_MODULES = YES;
				CLANG_ENABLE_OBJC_ARC = YES;
				CLANG_WARN_BOOL_CONVERSION = YES;
				CLANG_WARN_CONSTANT_CONVERSION = YES;
				CLANG_WARN_DIRECT_OBJC_ISA_USAGE = YES_ERROR;
				CLANG_WARN_DOCUMENTATION_COMMENTS = YES;
				CLANG_WARN_EMPTY_BODY = YES;
				CLANG_WARN_ENUM_CONVERSION = YES;
				CLANG_WARN_INFINITE_RECURSION = YES;
				CLANG_WARN_INT_CONVERSION = YES;
				CLANG_WARN_OBJC_ROOT_CLASS = YES_ERROR;
				CLANG_WARN_SUSPICIOUS_MOVE = YES;
				CLANG_WARN_UNREACHABLE_CODE = YES;
				CLANG_WARN__DUPLICATE_METHOD_MATCH = YES;
				"CODE_SIGN_IDENTITY[sdk=iphoneos*]" = "iPhone Developer";
				COPY_PHASE_STRIP = NO;
				DEBUG_INFORMATION_FORMAT = dwarf;
				ENABLE_STRICT_OBJC_MSGSEND = YES;
				ENABLE_TESTABILITY = YES;
				GCC_C_LANGUAGE_STANDARD = gnu99;
				GCC_DYNAMIC_NO_PIC = NO;
				GCC_NO_COMMON_BLOCKS = YES;
				GCC_OPTIMIZATION_LEVEL = 0;
				GCC_PREPROCESSOR_DEFINITIONS = (
					"DEBUG=1",
					"$(inherited)",
				);
				GCC_WARN_64_TO_32_BIT_CONVERSION = YES;
				GCC_WARN_ABOUT_RETURN_TYPE = YES_ERROR;
				GCC_WARN_UNDECLARED_SELECTOR = YES;
				GCC_WARN_UNINITIALIZED_AUTOS = YES_AGGRESSIVE;
				GCC_WARN_UNUSED_FUNCTION = YES;
				GCC_WARN_UNUSED_VARIABLE = YES;
				IPHONEOS_DEPLOYMENT_TARGET = 10.2;
				MTL_ENABLE_DEBUG_INFO = YES;
				ONLY_ACTIVE_ARCH = YES;
				SDKROOT = iphoneos;
				SWIFT_ACTIVE_COMPILATION_CONDITIONS = DEBUG;
				SWIFT_OPTIMIZATION_LEVEL = "-Onone";
				TARGETED_DEVICE_FAMILY = "1,2";
			};
			name = Debug;
		};
		32C2819A1E55D1C400909338 /* Release */ = {
			isa = XCBuildConfiguration;
			buildSettings = {
				ALWAYS_SEARCH_USER_PATHS = NO;
				CLANG_ANALYZER_NONNULL = YES;
				CLANG_CXX_LANGUAGE_STANDARD = "gnu++0x";
				CLANG_CXX_LIBRARY = "libc++";
				CLANG_ENABLE_MODULES = YES;
				CLANG_ENABLE_OBJC_ARC = YES;
				CLANG_WARN_BOOL_CONVERSION = YES;
				CLANG_WARN_CONSTANT_CONVERSION = YES;
				CLANG_WARN_DIRECT_OBJC_ISA_USAGE = YES_ERROR;
				CLANG_WARN_DOCUMENTATION_COMMENTS = YES;
				CLANG_WARN_EMPTY_BODY = YES;
				CLANG_WARN_ENUM_CONVERSION = YES;
				CLANG_WARN_INFINITE_RECURSION = YES;
				CLANG_WARN_INT_CONVERSION = YES;
				CLANG_WARN_OBJC_ROOT_CLASS = YES_ERROR;
				CLANG_WARN_SUSPICIOUS_MOVE = YES;
				CLANG_WARN_UNREACHABLE_CODE = YES;
				CLANG_WARN__DUPLICATE_METHOD_MATCH = YES;
				"CODE_SIGN_IDENTITY[sdk=iphoneos*]" = "iPhone Developer";
				COPY_PHASE_STRIP = NO;
				DEBUG_INFORMATION_FORMAT = "dwarf-with-dsym";
				ENABLE_NS_ASSERTIONS = NO;
				ENABLE_STRICT_OBJC_MSGSEND = YES;
				GCC_C_LANGUAGE_STANDARD = gnu99;
				GCC_NO_COMMON_BLOCKS = YES;
				GCC_WARN_64_TO_32_BIT_CONVERSION = YES;
				GCC_WARN_ABOUT_RETURN_TYPE = YES_ERROR;
				GCC_WARN_UNDECLARED_SELECTOR = YES;
				GCC_WARN_UNINITIALIZED_AUTOS = YES_AGGRESSIVE;
				GCC_WARN_UNUSED_FUNCTION = YES;
				GCC_WARN_UNUSED_VARIABLE = YES;
				IPHONEOS_DEPLOYMENT_TARGET = 10.2;
				MTL_ENABLE_DEBUG_INFO = NO;
				SDKROOT = iphoneos;
				SWIFT_OPTIMIZATION_LEVEL = "-Owholemodule";
				TARGETED_DEVICE_FAMILY = "1,2";
				VALIDATE_PRODUCT = YES;
			};
			name = Release;
		};
		32C2819C1E55D1C400909338 /* Debug */ = {
			isa = XCBuildConfiguration;
			buildSettings = {
				ASSETCATALOG_COMPILER_APPICON_NAME = AppIcon;
				DEVELOPMENT_TEAM = 6KMXS32GZT;
				INFOPLIST_FILE = Mat/Info.plist;
				LD_RUNPATH_SEARCH_PATHS = "$(inherited) @executable_path/Frameworks";
				PRODUCT_BUNDLE_IDENTIFIER = GSR.Mat;
				PRODUCT_NAME = "$(TARGET_NAME)";
				SWIFT_VERSION = 3.0;
			};
			name = Debug;
		};
		32C2819D1E55D1C400909338 /* Release */ = {
			isa = XCBuildConfiguration;
			buildSettings = {
				ASSETCATALOG_COMPILER_APPICON_NAME = AppIcon;
				DEVELOPMENT_TEAM = 6KMXS32GZT;
				INFOPLIST_FILE = Mat/Info.plist;
				LD_RUNPATH_SEARCH_PATHS = "$(inherited) @executable_path/Frameworks";
				PRODUCT_BUNDLE_IDENTIFIER = GSR.Mat;
				PRODUCT_NAME = "$(TARGET_NAME)";
				SWIFT_VERSION = 3.0;
			};
			name = Release;
		};
/* End XCBuildConfiguration section */

/* Begin XCConfigurationList section */
		32C281841E55D1C300909338 /* Build configuration list for PBXProject "Mat" */ = {
			isa = XCConfigurationList;
			buildConfigurations = (
				32C281991E55D1C400909338 /* Debug */,
				32C2819A1E55D1C400909338 /* Release */,
			);
			defaultConfigurationIsVisible = 0;
			defaultConfigurationName = Release;
		};
		32C2819B1E55D1C400909338 /* Build configuration list for PBXNativeTarget "Mat" */ = {
			isa = XCConfigurationList;
			buildConfigurations = (
				32C2819C1E55D1C400909338 /* Debug */,
				32C2819D1E55D1C400909338 /* Release */,
			);
			defaultConfigurationIsVisible = 0;
			defaultConfigurationName = Release;
		};
/* End XCConfigurationList section */
	};
	rootObject = 32C281811E55D1C300909338 /* Project object */;
}
